
Microsoft Visual Studio Solution File, Format Version 12.00
# Visual Studio 14
VisualStudioVersion = 14.0.25123.0
MinimumVisualStudioVersion = 10.0.40219.1
Project("{FAE04EC0-301F-11D3-BF4B-00C04F79EFBC}") = "TRY", "TRY\TRY.csproj", "{378EEC97-28C5-4BEE-9C51-8AD72384A7D1}"
EndProject
Project("{FAE04EC0-301F-11D3-BF4B-00C04F79EFBC}") = "1-BlackReceipt", "1-BlackReceipt\1-BlackReceipt.csproj", "{BEE0C0AC-F5F6-44B8-B779-12C1A048CFC2}"
EndProject
Project("{FAE04EC0-301F-11D3-BF4B-00C04F79EFBC}") = "2IntegerSign", "2IntegerSign\2IntegerSign.csproj", "{D0B791C6-CB95-485F-8894-FA7C2E7881D8}"
EndProject
Project("{FAE04EC0-301F-11D3-BF4B-00C04F79EFBC}") = "3PrintingTriangle", "3PrintingTriangle\3PrintingTriangle.csproj", "{DC21F63C-D855-4C7D-8E5F-E3DE170072AD}"
EndProject
Project("{FAE04EC0-301F-11D3-BF4B-00C04F79EFBC}") = "4DrawingSquare", "4DrawingSquare\4DrawingSquare.csproj", "{F3938651-38F7-4962-9AEB-3F7B04DEFE79}"
EndProject
Project("{FAE04EC0-301F-11D3-BF4B-00C04F79EFBC}") = "5TriangleArea", "5TriangleArea\5TriangleArea.csproj", "{B8634BC1-26B6-4EE6-8295-188D817BFFC5}"
EndProject
Project("{FAE04EC0-301F-11D3-BF4B-00C04F79EFBC}") = "6MathPower", "6MathPower\6MathPower.csproj", "{7BC03637-407E-4B6C-BAE0-52BF132F801A}"
EndProject
Project("{FAE04EC0-301F-11D3-BF4B-00C04F79EFBC}") = "7GreaterOfTwo", "7GreaterOfTwo\7GreaterOfTwo.csproj", "{9526C92B-0E74-4A45-BBE7-41C9C1F21130}"
EndProject
Project("{FAE04EC0-301F-11D3-BF4B-00C04F79EFBC}") = "8MultiplyEvensByOdds", "8MultiplyEvensByOdds\8MultiplyEvensByOdds.csproj", "{5A46F6AD-7003-44C0-816C-A505F72C2216}"
EndProject
Global
	GlobalSection(SolutionConfigurationPlatforms) = preSolution
		Debug|Any CPU = Debug|Any CPU
		Release|Any CPU = Release|Any CPU
	EndGlobalSection
	GlobalSection(ProjectConfigurationPlatforms) = postSolution
		{378EEC97-28C5-4BEE-9C51-8AD72384A7D1}.Debug|Any CPU.ActiveCfg = Debug|Any CPU
		{378EEC97-28C5-4BEE-9C51-8AD72384A7D1}.Debug|Any CPU.Build.0 = Debug|Any CPU
		{378EEC97-28C5-4BEE-9C51-8AD72384A7D1}.Release|Any CPU.ActiveCfg = Release|Any CPU
		{378EEC97-28C5-4BEE-9C51-8AD72384A7D1}.Release|Any CPU.Build.0 = Release|Any CPU
		{BEE0C0AC-F5F6-44B8-B779-12C1A048CFC2}.Debug|Any CPU.ActiveCfg = Debug|Any CPU
		{BEE0C0AC-F5F6-44B8-B779-12C1A048CFC2}.Debug|Any CPU.Build.0 = Debug|Any CPU
		{BEE0C0AC-F5F6-44B8-B779-12C1A048CFC2}.Release|Any CPU.ActiveCfg = Release|Any CPU
		{BEE0C0AC-F5F6-44B8-B779-12C1A048CFC2}.Release|Any CPU.Build.0 = Release|Any CPU
		{D0B791C6-CB95-485F-8894-FA7C2E7881D8}.Debug|Any CPU.ActiveCfg = Debug|Any CPU
		{D0B791C6-CB95-485F-8894-FA7C2E7881D8}.Debug|Any CPU.Build.0 = Debug|Any CPU
		{D0B791C6-CB95-485F-8894-FA7C2E7881D8}.Release|Any CPU.ActiveCfg = Release|Any CPU
		{D0B791C6-CB95-485F-8894-FA7C2E7881D8}.Release|Any CPU.Build.0 = Release|Any CPU
		{DC21F63C-D855-4C7D-8E5F-E3DE170072AD}.Debug|Any CPU.ActiveCfg = Debug|Any CPU
		{DC21F63C-D855-4C7D-8E5F-E3DE170072AD}.Debug|Any CPU.Build.0 = Debug|Any CPU
		{DC21F63C-D855-4C7D-8E5F-E3DE170072AD}.Release|Any CPU.ActiveCfg = Release|Any CPU
		{DC21F63C-D855-4C7D-8E5F-E3DE170072AD}.Release|Any CPU.Build.0 = Release|Any CPU
		{F3938651-38F7-4962-9AEB-3F7B04DEFE79}.Debug|Any CPU.ActiveCfg = Debug|Any CPU
		{F3938651-38F7-4962-9AEB-3F7B04DEFE79}.Debug|Any CPU.Build.0 = Debug|Any CPU
		{F3938651-38F7-4962-9AEB-3F7B04DEFE79}.Release|Any CPU.ActiveCfg = Release|Any CPU
		{F3938651-38F7-4962-9AEB-3F7B04DEFE79}.Release|Any CPU.Build.0 = Release|Any CPU
		{B8634BC1-26B6-4EE6-8295-188D817BFFC5}.Debug|Any CPU.ActiveCfg = Debug|Any CPU
		{B8634BC1-26B6-4EE6-8295-188D817BFFC5}.Debug|Any CPU.Build.0 = Debug|Any CPU
		{B8634BC1-26B6-4EE6-8295-188D817BFFC5}.Release|Any CPU.ActiveCfg = Release|Any CPU
		{B8634BC1-26B6-4EE6-8295-188D817BFFC5}.Release|Any CPU.Build.0 = Release|Any CPU
		{7BC03637-407E-4B6C-BAE0-52BF132F801A}.Debug|Any CPU.ActiveCfg = Debug|Any CPU
		{7BC03637-407E-4B6C-BAE0-52BF132F801A}.Debug|Any CPU.Build.0 = Debug|Any CPU
		{7BC03637-407E-4B6C-BAE0-52BF132F801A}.Release|Any CPU.ActiveCfg = Release|Any CPU
		{7BC03637-407E-4B6C-BAE0-52BF132F801A}.Release|Any CPU.Build.0 = Release|Any CPU
		{9526C92B-0E74-4A45-BBE7-41C9C1F21130}.Debug|Any CPU.ActiveCfg = Debug|Any CPU
		{9526C92B-0E74-4A45-BBE7-41C9C1F21130}.Debug|Any CPU.Build.0 = Debug|Any CPU
		{9526C92B-0E74-4A45-BBE7-41C9C1F21130}.Release|Any CPU.ActiveCfg = Release|Any CPU
		{9526C92B-0E74-4A45-BBE7-41C9C1F21130}.Release|Any CPU.Build.0 = Release|Any CPU
		{5A46F6AD-7003-44C0-816C-A505F72C2216}.Debug|Any CPU.ActiveCfg = Debug|Any CPU
		{5A46F6AD-7003-44C0-816C-A505F72C2216}.Debug|Any CPU.Build.0 = Debug|Any CPU
		{5A46F6AD-7003-44C0-816C-A505F72C2216}.Release|Any CPU.ActiveCfg = Release|Any CPU
		{5A46F6AD-7003-44C0-816C-A505F72C2216}.Release|Any CPU.Build.0 = Release|Any CPU
	EndGlobalSection
	GlobalSection(SolutionProperties) = preSolution
		HideSolutionNode = FALSE
	EndGlobalSection
EndGlobal
